
Microsoft Visual Studio Solution File, Format Version 12.00
# Visual Studio 2015
Project("{FAE04EC0-301F-11D3-BF4B-00C04F79EFBC}") = "project14_pt2.CSharp.Plugins", "project14_pt2.CSharp.Plugins.csproj", "{FD0DC5BE-D86B-692C-D94A-C59CAC4C402F}"
EndProject
Project("{FAE04EC0-301F-11D3-BF4B-00C04F79EFBC}") = "project14_pt2.CSharp", "project14_pt2.CSharp.csproj", "{09570B5C-96C0-F418-6808-3A5B60AB4DEC}"
EndProject
Project("{FAE04EC0-301F-11D3-BF4B-00C04F79EFBC}") = "project14_pt2.CSharp.Editor", "project14_pt2.CSharp.Editor.csproj", "{F36FBDF5-458A-A424-5C00-CA37DB186D38}"
EndProject
Global
	GlobalSection(SolutionConfigurationPlatforms) = preSolution
		Debug|Any CPU = Debug|Any CPU
		Release|Any CPU = Release|Any CPU
	EndGlobalSection
	GlobalSection(ProjectConfigurationPlatforms) = postSolution
		{FD0DC5BE-D86B-692C-D94A-C59CAC4C402F}.Debug|Any CPU.ActiveCfg = Debug|Any CPU
		{FD0DC5BE-D86B-692C-D94A-C59CAC4C402F}.Debug|Any CPU.Build.0 = Debug|Any CPU
		{FD0DC5BE-D86B-692C-D94A-C59CAC4C402F}.Release|Any CPU.ActiveCfg = Release|Any CPU
		{FD0DC5BE-D86B-692C-D94A-C59CAC4C402F}.Release|Any CPU.Build.0 = Release|Any CPU
		{09570B5C-96C0-F418-6808-3A5B60AB4DEC}.Debug|Any CPU.ActiveCfg = Debug|Any CPU
		{09570B5C-96C0-F418-6808-3A5B60AB4DEC}.Debug|Any CPU.Build.0 = Debug|Any CPU
		{09570B5C-96C0-F418-6808-3A5B60AB4DEC}.Release|Any CPU.ActiveCfg = Release|Any CPU
		{09570B5C-96C0-F418-6808-3A5B60AB4DEC}.Release|Any CPU.Build.0 = Release|Any CPU
		{F36FBDF5-458A-A424-5C00-CA37DB186D38}.Debug|Any CPU.ActiveCfg = Debug|Any CPU
		{F36FBDF5-458A-A424-5C00-CA37DB186D38}.Debug|Any CPU.Build.0 = Debug|Any CPU
		{F36FBDF5-458A-A424-5C00-CA37DB186D38}.Release|Any CPU.ActiveCfg = Release|Any CPU
		{F36FBDF5-458A-A424-5C00-CA37DB186D38}.Release|Any CPU.Build.0 = Release|Any CPU
	EndGlobalSection
	GlobalSection(SolutionProperties) = preSolution
		HideSolutionNode = FALSE
	EndGlobalSection
EndGlobal
